
Microsoft Visual Studio Solution File, Format Version 12.00
# Visual Studio 2012
Project("{D954291E-2A0B-460D-934E-DC6B0785DB48}") = "CustomMasterDetail", "CustomMasterDetail.shproj", "{DADCD546-2683-4EA1-BCFE-CB05D6C12BC9}"
EndProject
Project("{FAE04EC0-301F-11D3-BF4B-00C04F79EFBC}") = "CustomMasterDetail.Droid", "Droid\CustomMasterDetail.Droid.csproj", "{756D3C8E-6DBF-40DE-8871-C46932B2687E}"
EndProject
Global
	GlobalSection(SolutionConfigurationPlatforms) = preSolution
		Debug|iPhoneSimulator = Debug|iPhoneSimulator
		Release|iPhone = Release|iPhone
		Release|iPhoneSimulator = Release|iPhoneSimulator
		Debug|iPhone = Debug|iPhone
		Debug|Any CPU = Debug|Any CPU
		Release|Any CPU = Release|Any CPU
	EndGlobalSection
	GlobalSection(ProjectConfigurationPlatforms) = postSolution
		{756D3C8E-6DBF-40DE-8871-C46932B2687E}.Debug|iPhoneSimulator.ActiveCfg = Debug|Any CPU
		{756D3C8E-6DBF-40DE-8871-C46932B2687E}.Debug|iPhoneSimulator.Build.0 = Debug|Any CPU
		{756D3C8E-6DBF-40DE-8871-C46932B2687E}.Release|iPhone.ActiveCfg = Release|Any CPU
		{756D3C8E-6DBF-40DE-8871-C46932B2687E}.Release|iPhone.Build.0 = Release|Any CPU
		{756D3C8E-6DBF-40DE-8871-C46932B2687E}.Release|iPhoneSimulator.ActiveCfg = Release|Any CPU
		{756D3C8E-6DBF-40DE-8871-C46932B2687E}.Release|iPhoneSimulator.Build.0 = Release|Any CPU
		{756D3C8E-6DBF-40DE-8871-C46932B2687E}.Debug|iPhone.ActiveCfg = Debug|Any CPU
		{756D3C8E-6DBF-40DE-8871-C46932B2687E}.Debug|iPhone.Build.0 = Debug|Any CPU
		{756D3C8E-6DBF-40DE-8871-C46932B2687E}.Debug|Any CPU.ActiveCfg = Debug|Any CPU
		{756D3C8E-6DBF-40DE-8871-C46932B2687E}.Debug|Any CPU.Build.0 = Debug|Any CPU
		{756D3C8E-6DBF-40DE-8871-C46932B2687E}.Release|Any CPU.ActiveCfg = Release|Any CPU
		{756D3C8E-6DBF-40DE-8871-C46932B2687E}.Release|Any CPU.Build.0 = Release|Any CPU
	EndGlobalSection
EndGlobal
